
Microsoft Visual Studio Solution File, Format Version 12.00
# Visual Studio Version 17
VisualStudioVersion = 17.4.33103.184
MinimumVisualStudioVersion = 10.0.40219.1
Project("{9A19103F-16F7-4668-BE54-9A1E7A4F7556}") = "SuperHero.API", "SuperHero.API\SuperHero.API.csproj", "{7ED231BB-7C8A-4DCD-AC7A-45FF7F66B3DA}"
EndProject
Project("{9A19103F-16F7-4668-BE54-9A1E7A4F7556}") = "SuperHero.Service", "SuperHero.Service\SuperHero.Service.csproj", "{20A5CFE5-D25B-4B5A-BE96-07BEEA399F0C}"
EndProject
Project("{2150E333-8FDC-42A3-9474-1A3956D46DE8}") = "Application", "Application", "{FDE0E453-2894-45AB-8339-741D8AD6E993}"
EndProject
Project("{2150E333-8FDC-42A3-9474-1A3956D46DE8}") = "Domain", "Domain", "{2E8F5EF7-4718-4E16-8663-4AA8CD8DA533}"
EndProject
Project("{9A19103F-16F7-4668-BE54-9A1E7A4F7556}") = "SuperHero.Domain", "SuperHero.Domain\SuperHero.Domain.csproj", "{DDE89298-734C-4BB5-8BC7-F05BDF47F370}"
EndProject
Project("{2150E333-8FDC-42A3-9474-1A3956D46DE8}") = "Test", "Test", "{F5DB8480-8CA1-4785-8C78-8800455AC426}"
EndProject
Project("{9A19103F-16F7-4668-BE54-9A1E7A4F7556}") = "SuperHero.UnitTest", "SuperHero.Test\SuperHero.UnitTest.csproj", "{F44F5073-A24D-4667-898B-5320C50F5CBE}"
EndProject
Project("{2150E333-8FDC-42A3-9474-1A3956D46DE8}") = "Data", "Data", "{22BEA46F-E016-4BBD-88B1-A8C2FA4DD10E}"
EndProject
Project("{9A19103F-16F7-4668-BE54-9A1E7A4F7556}") = "SuperHero.Repository", "SuperHero.Repository\SuperHero.Repository.csproj", "{B570FA57-051A-463D-B799-147892068938}"
EndProject
Project("{2150E333-8FDC-42A3-9474-1A3956D46DE8}") = "Infra", "Infra", "{21C37DC5-4A31-4F58-956A-ACAD9B5553C4}"
EndProject
Project("{9A19103F-16F7-4668-BE54-9A1E7A4F7556}") = "SuperHero.Infrastructure", "SuperHero.Infrastructure\SuperHero.Infrastructure.csproj", "{8FE5DC44-4642-472C-8ED6-0681C1EBD77B}"
EndProject
Project("{9A19103F-16F7-4668-BE54-9A1E7A4F7556}") = "SuperHero.IoC", "SuperHero.IoC\SuperHero.IoC.csproj", "{E0921390-8A68-4466-BFD8-86DB37C1B723}"
EndProject
Project("{9A19103F-16F7-4668-BE54-9A1E7A4F7556}") = "SuperHero.Core", "SuperHero.Core\SuperHero.Core.csproj", "{A8AB6E94-235B-4CD8-80E4-63222301144A}"
EndProject
Project("{9A19103F-16F7-4668-BE54-9A1E7A4F7556}") = "SuperHero.Redis", "SuperHero.Redis\SuperHero.Redis.csproj", "{F7AD5CF6-6E23-456E-9B3A-7CC0217CF662}"
EndProject
Project("{9A19103F-16F7-4668-BE54-9A1E7A4F7556}") = "SuperHero.MongoDB", "SuperHero.MongoDB\SuperHero.MongoDB.csproj", "{039192CD-805C-4AEF-8BF4-F618A54BE39F}"
EndProject
Project("{9A19103F-16F7-4668-BE54-9A1E7A4F7556}") = "SuperHero.ExternalService", "SuperHero.ExternalService\SuperHero.ExternalService.csproj", "{5222A6AC-206D-4E95-BA88-D362E065B83C}"
EndProject
Project("{2150E333-8FDC-42A3-9474-1A3956D46DE8}") = "RabbitMq", "RabbitMq", "{DEEEBB22-8F3E-4870-8C7B-E817E7535EE7}"
EndProject
Project("{9A19103F-16F7-4668-BE54-9A1E7A4F7556}") = "SuperHero.RabbitMq.Producer", "SuperHero.RabitMq.Publisher\SuperHero.RabbitMq.Producer.csproj", "{26C5C700-C210-4FBF-A1B6-BF5BB75A955B}"
EndProject
Project("{9A19103F-16F7-4668-BE54-9A1E7A4F7556}") = "SuperHero.RabbitMq.Consumer", "SuperHero.RabitMq.Consumer\SuperHero.RabbitMq.Consumer.csproj", "{737E7532-E95D-453C-9FD8-8DF750E5F8F8}"
EndProject
Project("{2150E333-8FDC-42A3-9474-1A3956D46DE8}") = "Security", "Security", "{9E30761F-2548-482B-AC23-53741F84AA08}"
EndProject
Project("{9A19103F-16F7-4668-BE54-9A1E7A4F7556}") = "SuperHero.Security", "SuperHero.Security\SuperHero.Security.csproj", "{6C6D7851-4E2F-4FE9-8D7F-3A0448004C9E}"
EndProject
Project("{E53339B2-1760-4266-BCC7-CA923CBCF16C}") = "docker-compose", "docker-compose.dcproj", "{331F687D-4EE1-4EAD-8E9B-050DC59CA65C}"
EndProject
Global
	GlobalSection(SolutionConfigurationPlatforms) = preSolution
		Debug|Any CPU = Debug|Any CPU
		Release|Any CPU = Release|Any CPU
	EndGlobalSection
	GlobalSection(ProjectConfigurationPlatforms) = postSolution
		{7ED231BB-7C8A-4DCD-AC7A-45FF7F66B3DA}.Debug|Any CPU.ActiveCfg = Debug|Any CPU
		{7ED231BB-7C8A-4DCD-AC7A-45FF7F66B3DA}.Debug|Any CPU.Build.0 = Debug|Any CPU
		{7ED231BB-7C8A-4DCD-AC7A-45FF7F66B3DA}.Release|Any CPU.ActiveCfg = Release|Any CPU
		{7ED231BB-7C8A-4DCD-AC7A-45FF7F66B3DA}.Release|Any CPU.Build.0 = Release|Any CPU
		{20A5CFE5-D25B-4B5A-BE96-07BEEA399F0C}.Debug|Any CPU.ActiveCfg = Debug|Any CPU
		{20A5CFE5-D25B-4B5A-BE96-07BEEA399F0C}.Debug|Any CPU.Build.0 = Debug|Any CPU
		{20A5CFE5-D25B-4B5A-BE96-07BEEA399F0C}.Release|Any CPU.ActiveCfg = Release|Any CPU
		{20A5CFE5-D25B-4B5A-BE96-07BEEA399F0C}.Release|Any CPU.Build.0 = Release|Any CPU
		{DDE89298-734C-4BB5-8BC7-F05BDF47F370}.Debug|Any CPU.ActiveCfg = Debug|Any CPU
		{DDE89298-734C-4BB5-8BC7-F05BDF47F370}.Debug|Any CPU.Build.0 = Debug|Any CPU
		{DDE89298-734C-4BB5-8BC7-F05BDF47F370}.Release|Any CPU.ActiveCfg = Release|Any CPU
		{DDE89298-734C-4BB5-8BC7-F05BDF47F370}.Release|Any CPU.Build.0 = Release|Any CPU
		{F44F5073-A24D-4667-898B-5320C50F5CBE}.Debug|Any CPU.ActiveCfg = Debug|Any CPU
		{F44F5073-A24D-4667-898B-5320C50F5CBE}.Debug|Any CPU.Build.0 = Debug|Any CPU
		{F44F5073-A24D-4667-898B-5320C50F5CBE}.Release|Any CPU.ActiveCfg = Release|Any CPU
		{F44F5073-A24D-4667-898B-5320C50F5CBE}.Release|Any CPU.Build.0 = Release|Any CPU
		{B570FA57-051A-463D-B799-147892068938}.Debug|Any CPU.ActiveCfg = Debug|Any CPU
		{B570FA57-051A-463D-B799-147892068938}.Debug|Any CPU.Build.0 = Debug|Any CPU
		{B570FA57-051A-463D-B799-147892068938}.Release|Any CPU.ActiveCfg = Release|Any CPU
		{B570FA57-051A-463D-B799-147892068938}.Release|Any CPU.Build.0 = Release|Any CPU
		{8FE5DC44-4642-472C-8ED6-0681C1EBD77B}.Debug|Any CPU.ActiveCfg = Debug|Any CPU
		{8FE5DC44-4642-472C-8ED6-0681C1EBD77B}.Debug|Any CPU.Build.0 = Debug|Any CPU
		{8FE5DC44-4642-472C-8ED6-0681C1EBD77B}.Release|Any CPU.ActiveCfg = Release|Any CPU
		{8FE5DC44-4642-472C-8ED6-0681C1EBD77B}.Release|Any CPU.Build.0 = Release|Any CPU
		{E0921390-8A68-4466-BFD8-86DB37C1B723}.Debug|Any CPU.ActiveCfg = Debug|Any CPU
		{E0921390-8A68-4466-BFD8-86DB37C1B723}.Debug|Any CPU.Build.0 = Debug|Any CPU
		{E0921390-8A68-4466-BFD8-86DB37C1B723}.Release|Any CPU.ActiveCfg = Release|Any CPU
		{E0921390-8A68-4466-BFD8-86DB37C1B723}.Release|Any CPU.Build.0 = Release|Any CPU
		{A8AB6E94-235B-4CD8-80E4-63222301144A}.Debug|Any CPU.ActiveCfg = Debug|Any CPU
		{A8AB6E94-235B-4CD8-80E4-63222301144A}.Debug|Any CPU.Build.0 = Debug|Any CPU
		{A8AB6E94-235B-4CD8-80E4-63222301144A}.Release|Any CPU.ActiveCfg = Release|Any CPU
		{A8AB6E94-235B-4CD8-80E4-63222301144A}.Release|Any CPU.Build.0 = Release|Any CPU
		{F7AD5CF6-6E23-456E-9B3A-7CC0217CF662}.Debug|Any CPU.ActiveCfg = Debug|Any CPU
		{F7AD5CF6-6E23-456E-9B3A-7CC0217CF662}.Debug|Any CPU.Build.0 = Debug|Any CPU
		{F7AD5CF6-6E23-456E-9B3A-7CC0217CF662}.Release|Any CPU.ActiveCfg = Release|Any CPU
		{F7AD5CF6-6E23-456E-9B3A-7CC0217CF662}.Release|Any CPU.Build.0 = Release|Any CPU
		{039192CD-805C-4AEF-8BF4-F618A54BE39F}.Debug|Any CPU.ActiveCfg = Debug|Any CPU
		{039192CD-805C-4AEF-8BF4-F618A54BE39F}.Debug|Any CPU.Build.0 = Debug|Any CPU
		{039192CD-805C-4AEF-8BF4-F618A54BE39F}.Release|Any CPU.ActiveCfg = Release|Any CPU
		{039192CD-805C-4AEF-8BF4-F618A54BE39F}.Release|Any CPU.Build.0 = Release|Any CPU
		{5222A6AC-206D-4E95-BA88-D362E065B83C}.Debug|Any CPU.ActiveCfg = Debug|Any CPU
		{5222A6AC-206D-4E95-BA88-D362E065B83C}.Debug|Any CPU.Build.0 = Debug|Any CPU
		{5222A6AC-206D-4E95-BA88-D362E065B83C}.Release|Any CPU.ActiveCfg = Release|Any CPU
		{5222A6AC-206D-4E95-BA88-D362E065B83C}.Release|Any CPU.Build.0 = Release|Any CPU
		{26C5C700-C210-4FBF-A1B6-BF5BB75A955B}.Debug|Any CPU.ActiveCfg = Debug|Any CPU
		{26C5C700-C210-4FBF-A1B6-BF5BB75A955B}.Debug|Any CPU.Build.0 = Debug|Any CPU
		{26C5C700-C210-4FBF-A1B6-BF5BB75A955B}.Release|Any CPU.ActiveCfg = Release|Any CPU
		{26C5C700-C210-4FBF-A1B6-BF5BB75A955B}.Release|Any CPU.Build.0 = Release|Any CPU
		{737E7532-E95D-453C-9FD8-8DF750E5F8F8}.Debug|Any CPU.ActiveCfg = Debug|Any CPU
		{737E7532-E95D-453C-9FD8-8DF750E5F8F8}.Debug|Any CPU.Build.0 = Debug|Any CPU
		{737E7532-E95D-453C-9FD8-8DF750E5F8F8}.Release|Any CPU.ActiveCfg = Release|Any CPU
		{737E7532-E95D-453C-9FD8-8DF750E5F8F8}.Release|Any CPU.Build.0 = Release|Any CPU
		{6C6D7851-4E2F-4FE9-8D7F-3A0448004C9E}.Debug|Any CPU.ActiveCfg = Debug|Any CPU
		{6C6D7851-4E2F-4FE9-8D7F-3A0448004C9E}.Debug|Any CPU.Build.0 = Debug|Any CPU
		{6C6D7851-4E2F-4FE9-8D7F-3A0448004C9E}.Release|Any CPU.ActiveCfg = Release|Any CPU
		{6C6D7851-4E2F-4FE9-8D7F-3A0448004C9E}.Release|Any CPU.Build.0 = Release|Any CPU
		{331F687D-4EE1-4EAD-8E9B-050DC59CA65C}.Debug|Any CPU.ActiveCfg = Debug|Any CPU
		{331F687D-4EE1-4EAD-8E9B-050DC59CA65C}.Debug|Any CPU.Build.0 = Debug|Any CPU
		{331F687D-4EE1-4EAD-8E9B-050DC59CA65C}.Release|Any CPU.ActiveCfg = Release|Any CPU
		{331F687D-4EE1-4EAD-8E9B-050DC59CA65C}.Release|Any CPU.Build.0 = Release|Any CPU
	EndGlobalSection
	GlobalSection(SolutionProperties) = preSolution
		HideSolutionNode = FALSE
	EndGlobalSection
	GlobalSection(NestedProjects) = preSolution
		{7ED231BB-7C8A-4DCD-AC7A-45FF7F66B3DA} = {FDE0E453-2894-45AB-8339-741D8AD6E993}
		{20A5CFE5-D25B-4B5A-BE96-07BEEA399F0C} = {FDE0E453-2894-45AB-8339-741D8AD6E993}
		{DDE89298-734C-4BB5-8BC7-F05BDF47F370} = {2E8F5EF7-4718-4E16-8663-4AA8CD8DA533}
		{F44F5073-A24D-4667-898B-5320C50F5CBE} = {F5DB8480-8CA1-4785-8C78-8800455AC426}
		{22BEA46F-E016-4BBD-88B1-A8C2FA4DD10E} = {21C37DC5-4A31-4F58-956A-ACAD9B5553C4}
		{B570FA57-051A-463D-B799-147892068938} = {22BEA46F-E016-4BBD-88B1-A8C2FA4DD10E}
		{8FE5DC44-4642-472C-8ED6-0681C1EBD77B} = {21C37DC5-4A31-4F58-956A-ACAD9B5553C4}
		{E0921390-8A68-4466-BFD8-86DB37C1B723} = {21C37DC5-4A31-4F58-956A-ACAD9B5553C4}
		{A8AB6E94-235B-4CD8-80E4-63222301144A} = {FDE0E453-2894-45AB-8339-741D8AD6E993}
		{F7AD5CF6-6E23-456E-9B3A-7CC0217CF662} = {22BEA46F-E016-4BBD-88B1-A8C2FA4DD10E}
		{039192CD-805C-4AEF-8BF4-F618A54BE39F} = {22BEA46F-E016-4BBD-88B1-A8C2FA4DD10E}
		{5222A6AC-206D-4E95-BA88-D362E065B83C} = {22BEA46F-E016-4BBD-88B1-A8C2FA4DD10E}
		{DEEEBB22-8F3E-4870-8C7B-E817E7535EE7} = {21C37DC5-4A31-4F58-956A-ACAD9B5553C4}
		{26C5C700-C210-4FBF-A1B6-BF5BB75A955B} = {FDE0E453-2894-45AB-8339-741D8AD6E993}
		{737E7532-E95D-453C-9FD8-8DF750E5F8F8} = {DEEEBB22-8F3E-4870-8C7B-E817E7535EE7}
		{9E30761F-2548-482B-AC23-53741F84AA08} = {21C37DC5-4A31-4F58-956A-ACAD9B5553C4}
		{6C6D7851-4E2F-4FE9-8D7F-3A0448004C9E} = {9E30761F-2548-482B-AC23-53741F84AA08}
	EndGlobalSection
	GlobalSection(ExtensibilityGlobals) = postSolution
		SolutionGuid = {0A8ACDB0-2482-4038-AFD0-664235CAC745}
	EndGlobalSection
EndGlobal
